// !$*UTF8*$!
{
	archiveVersion = 1;
	classes = {
	};
	objectVersion = 46;
	objects = {

/* Begin PBXBuildFile section */
		5EC05CEE1FC5C22700367F51 /* AppDelegate.swift in Sources */ = {isa = PBXBuildFile; fileRef = 5EC05CED1FC5C22700367F51 /* AppDelegate.swift */; };
		5EC05CF01FC5C22700367F51 /* ViewController.swift in Sources */ = {isa = PBXBuildFile; fileRef = 5EC05CEF1FC5C22700367F51 /* ViewController.swift */; };
		5EC05CF31FC5C22700367F51 /* Main.storyboard in Resources */ = {isa = PBXBuildFile; fileRef = 5EC05CF11FC5C22700367F51 /* Main.storyboard */; };
		5EC05CF51FC5C22700367F51 /* Assets.xcassets in Resources */ = {isa = PBXBuildFile; fileRef = 5EC05CF41FC5C22700367F51 /* Assets.xcassets */; };
		5EC05CF81FC5C22700367F51 /* LaunchScreen.storyboard in Resources */ = {isa = PBXBuildFile; fileRef = 5EC05CF61FC5C22700367F51 /* LaunchScreen.storyboard */; };
		5EC05D031FC5C22700367F51 /* SecondKadaiAppTests.swift in Sources */ = {isa = PBXBuildFile; fileRef = 5EC05D021FC5C22700367F51 /* SecondKadaiAppTests.swift */; };
		5EC05D0E1FC5C22700367F51 /* SecondKadaiAppUITests.swift in Sources */ = {isa = PBXBuildFile; fileRef = 5EC05D0D1FC5C22700367F51 /* SecondKadaiAppUITests.swift */; };
		5EC05D1C1FC5C2A800367F51 /* SecondViewController.swift in Sources */ = {isa = PBXBuildFile; fileRef = 5EC05D1B1FC5C2A800367F51 /* SecondViewController.swift */; };
/* End PBXBuildFile section */

/* Begin PBXContainerItemProxy section */
		5EC05CFF1FC5C22700367F51 /* PBXContainerItemProxy */ = {
			isa = PBXContainerItemProxy;
			containerPortal = 5EC05CE21FC5C22700367F51 /* Project object */;
			proxyType = 1;
			remoteGlobalIDString = 5EC05CE91FC5C22700367F51;
			remoteInfo = SecondKadaiApp;
		};
		5EC05D0A1FC5C22700367F51 /* PBXContainerItemProxy */ = {
			isa = PBXContainerItemProxy;
			containerPortal = 5EC05CE21FC5C22700367F51 /* Project object */;
			proxyType = 1;
			remoteGlobalIDString = 5EC05CE91FC5C22700367F51;
			remoteInfo = SecondKadaiApp;
		};
/* End PBXContainerItemProxy section */

/* Begin PBXFileReference section */
		5EC05CEA1FC5C22700367F51 /* SecondKadaiApp.app */ = {isa = PBXFileReference; explicitFileType = wrapper.application; includeInIndex = 0; path = SecondKadaiApp.app; sourceTree = BUILT_PRODUCTS_DIR; };
		5EC05CED1FC5C22700367F51 /* AppDelegate.swift */ = {isa = PBXFileReference; lastKnownFileType = sourcecode.swift; path = AppDelegate.swift; sourceTree = "<group>"; };
		5EC05CEF1FC5C22700367F51 /* ViewController.swift */ = {isa = PBXFileReference; lastKnownFileType = sourcecode.swift; path = ViewController.swift; sourceTree = "<group>"; };
		5EC05CF21FC5C22700367F51 /* Base */ = {isa = PBXFileReference; lastKnownFileType = file.storyboard; name = Base; path = Base.lproj/Main.storyboard; sourceTree = "<group>"; };
		5EC05CF41FC5C22700367F51 /* Assets.xcassets */ = {isa = PBXFileReference; lastKnownFileType = folder.assetcatalog; path = Assets.xcassets; sourceTree = "<group>"; };
		5EC05CF71FC5C22700367F51 /* Base */ = {isa = PBXFileReference; lastKnownFileType = file.storyboard; name = Base; path = Base.lproj/LaunchScreen.storyboard; sourceTree = "<group>"; };
		5EC05CF91FC5C22700367F51 /* Info.plist */ = {isa = PBXFileReference; lastKnownFileType = text.plist.xml; path = Info.plist; sourceTree = "<group>"; };
		5EC05CFE1FC5C22700367F51 /* SecondKadaiAppTests.xctest */ = {isa = PBXFileReference; explicitFileType = wrapper.cfbundle; includeInIndex = 0; path = SecondKadaiAppTests.xctest; sourceTree = BUILT_PRODUCTS_DIR; };
		5EC05D021FC5C22700367F51 /* SecondKadaiAppTests.swift */ = {isa = PBXFileReference; lastKnownFileType = sourcecode.swift; path = SecondKadaiAppTests.swift; sourceTree = "<group>"; };
		5EC05D041FC5C22700367F51 /* Info.plist */ = {isa = PBXFileReference; lastKnownFileType = text.plist.xml; path = Info.plist; sourceTree = "<group>"; };
		5EC05D091FC5C22700367F51 /* SecondKadaiAppUITests.xctest */ = {isa = PBXFileReference; explicitFileType = wrapper.cfbundle; includeInIndex = 0; path = SecondKadaiAppUITests.xctest; sourceTree = BUILT_PRODUCTS_DIR; };
		5EC05D0D1FC5C22700367F51 /* SecondKadaiAppUITests.swift */ = {isa = PBXFileReference; lastKnownFileType = sourcecode.swift; path = SecondKadaiAppUITests.swift; sourceTree = "<group>"; };
		5EC05D0F1FC5C22700367F51 /* Info.plist */ = {isa = PBXFileReference; lastKnownFileType = text.plist.xml; path = Info.plist; sourceTree = "<group>"; };
		5EC05D1B1FC5C2A800367F51 /* SecondViewController.swift */ = {isa = PBXFileReference; fileEncoding = 4; lastKnownFileType = sourcecode.swift; path = SecondViewController.swift; sourceTree = "<group>"; };
/* End PBXFileReference section */

/* Begin PBXFrameworksBuildPhase section */
		5EC05CE71FC5C22700367F51 /* Frameworks */ = {
			isa = PBXFrameworksBuildPhase;
			buildActionMask = 2147483647;
			files = (
			);
			runOnlyForDeploymentPostprocessing = 0;
		};
		5EC05CFB1FC5C22700367F51 /* Frameworks */ = {
			isa = PBXFrameworksBuildPhase;
			buildActionMask = 2147483647;
			files = (
			);
			runOnlyForDeploymentPostprocessing = 0;
		};
		5EC05D061FC5C22700367F51 /* Frameworks */ = {
			isa = PBXFrameworksBuildPhase;
			buildActionMask = 2147483647;
			files = (
			);
			runOnlyForDeploymentPostprocessing = 0;
		};
/* End PBXFrameworksBuildPhase section */

/* Begin PBXGroup section */
		5EC05CE11FC5C22700367F51 = {
			isa = PBXGroup;
			children = (
				5EC05CEC1FC5C22700367F51 /* SecondKadaiApp */,
				5EC05D011FC5C22700367F51 /* SecondKadaiAppTests */,
				5EC05D0C1FC5C22700367F51 /* SecondKadaiAppUITests */,
				5EC05CEB1FC5C22700367F51 /* Products */,
			);
			sourceTree = "<group>";
		};
		5EC05CEB1FC5C22700367F51 /* Products */ = {
			isa = PBXGroup;
			children = (
				5EC05CEA1FC5C22700367F51 /* SecondKadaiApp.app */,
				5EC05CFE1FC5C22700367F51 /* SecondKadaiAppTests.xctest */,
				5EC05D091FC5C22700367F51 /* SecondKadaiAppUITests.xctest */,
			);
			name = Products;
			sourceTree = "<group>";
		};
		5EC05CEC1FC5C22700367F51 /* SecondKadaiApp */ = {
			isa = PBXGroup;
			children = (
				5EC05CED1FC5C22700367F51 /* AppDelegate.swift */,
				5EC05CEF1FC5C22700367F51 /* ViewController.swift */,
				5EC05CF11FC5C22700367F51 /* Main.storyboard */,
				5EC05D1B1FC5C2A800367F51 /* SecondViewController.swift */,
				5EC05CF41FC5C22700367F51 /* Assets.xcassets */,
				5EC05CF61FC5C22700367F51 /* LaunchScreen.storyboard */,
				5EC05CF91FC5C22700367F51 /* Info.plist */,
			);
			path = SecondKadaiApp;
			sourceTree = "<group>";
		};
		5EC05D011FC5C22700367F51 /* SecondKadaiAppTests */ = {
			isa = PBXGroup;
			children = (
				5EC05D021FC5C22700367F51 /* SecondKadaiAppTests.swift */,
				5EC05D041FC5C22700367F51 /* Info.plist */,
			);
			path = SecondKadaiAppTests;
			sourceTree = "<group>";
		};
		5EC05D0C1FC5C22700367F51 /* SecondKadaiAppUITests */ = {
			isa = PBXGroup;
			children = (
				5EC05D0D1FC5C22700367F51 /* SecondKadaiAppUITests.swift */,
				5EC05D0F1FC5C22700367F51 /* Info.plist */,
			);
			path = SecondKadaiAppUITests;
			sourceTree = "<group>";
		};
/* End PBXGroup section */

/* Begin PBXNativeTarget section */
		5EC05CE91FC5C22700367F51 /* SecondKadaiApp */ = {
			isa = PBXNativeTarget;
			buildConfigurationList = 5EC05D121FC5C22700367F51 /* Build configuration list for PBXNativeTarget "SecondKadaiApp" */;
			buildPhases = (
				5EC05CE61FC5C22700367F51 /* Sources */,
				5EC05CE71FC5C22700367F51 /* Frameworks */,
				5EC05CE81FC5C22700367F51 /* Resources */,
			);
			buildRules = (
			);
			dependencies = (
			);
			name = SecondKadaiApp;
			productName = SecondKadaiApp;
			productReference = 5EC05CEA1FC5C22700367F51 /* SecondKadaiApp.app */;
			productType = "com.apple.product-type.application";
		};
		5EC05CFD1FC5C22700367F51 /* SecondKadaiAppTests */ = {
			isa = PBXNativeTarget;
			buildConfigurationList = 5EC05D151FC5C22700367F51 /* Build configuration list for PBXNativeTarget "SecondKadaiAppTests" */;
			buildPhases = (
				5EC05CFA1FC5C22700367F51 /* Sources */,
				5EC05CFB1FC5C22700367F51 /* Frameworks */,
				5EC05CFC1FC5C22700367F51 /* Resources */,
			);
			buildRules = (
			);
			dependencies = (
				5EC05D001FC5C22700367F51 /* PBXTargetDependency */,
			);
			name = SecondKadaiAppTests;
			productName = SecondKadaiAppTests;
			productReference = 5EC05CFE1FC5C22700367F51 /* SecondKadaiAppTests.xctest */;
			productType = "com.apple.product-type.bundle.unit-test";
		};
		5EC05D081FC5C22700367F51 /* SecondKadaiAppUITests */ = {
			isa = PBXNativeTarget;
			buildConfigurationList = 5EC05D181FC5C22700367F51 /* Build configuration list for PBXNativeTarget "SecondKadaiAppUITests" */;
			buildPhases = (
				5EC05D051FC5C22700367F51 /* Sources */,
				5EC05D061FC5C22700367F51 /* Frameworks */,
				5EC05D071FC5C22700367F51 /* Resources */,
			);
			buildRules = (
			);
			dependencies = (
				5EC05D0B1FC5C22700367F51 /* PBXTargetDependency */,
			);
			name = SecondKadaiAppUITests;
			productName = SecondKadaiAppUITests;
			productReference = 5EC05D091FC5C22700367F51 /* SecondKadaiAppUITests.xctest */;
			productType = "com.apple.product-type.bundle.ui-testing";
		};
/* End PBXNativeTarget section */

/* Begin PBXProject section */
		5EC05CE21FC5C22700367F51 /* Project object */ = {
			isa = PBXProject;
			attributes = {
				LastSwiftUpdateCheck = 0830;
				LastUpgradeCheck = 0830;
				ORGANIZATIONNAME = takumi.maeda;
				TargetAttributes = {
					5EC05CE91FC5C22700367F51 = {
						CreatedOnToolsVersion = 8.3.3;
						ProvisioningStyle = Automatic;
					};
					5EC05CFD1FC5C22700367F51 = {
						CreatedOnToolsVersion = 8.3.3;
						ProvisioningStyle = Automatic;
						TestTargetID = 5EC05CE91FC5C22700367F51;
					};
					5EC05D081FC5C22700367F51 = {
						CreatedOnToolsVersion = 8.3.3;
						ProvisioningStyle = Automatic;
						TestTargetID = 5EC05CE91FC5C22700367F51;
					};
				};
			};
			buildConfigurationList = 5EC05CE51FC5C22700367F51 /* Build configuration list for PBXProject "SecondKadaiApp" */;
			compatibilityVersion = "Xcode 3.2";
			developmentRegion = English;
			hasScannedForEncodings = 0;
			knownRegions = (
				en,
				Base,
			);
			mainGroup = 5EC05CE11FC5C22700367F51;
			productRefGroup = 5EC05CEB1FC5C22700367F51 /* Products */;
			projectDirPath = "";
			projectRoot = "";
			targets = (
				5EC05CE91FC5C22700367F51 /* SecondKadaiApp */,
				5EC05CFD1FC5C22700367F51 /* SecondKadaiAppTests */,
				5EC05D081FC5C22700367F51 /* SecondKadaiAppUITests */,
			);
		};
/* End PBXProject section */

/* Begin PBXResourcesBuildPhase section */
		5EC05CE81FC5C22700367F51 /* Resources */ = {
			isa = PBXResourcesBuildPhase;
			buildActionMask = 2147483647;
			files = (
				5EC05CF81FC5C22700367F51 /* LaunchScreen.storyboard in Resources */,
				5EC05CF51FC5C22700367F51 /* Assets.xcassets in Resources */,
				5EC05CF31FC5C22700367F51 /* Main.storyboard in Resources */,
			);
			runOnlyForDeploymentPostprocessing = 0;
		};
		5EC05CFC1FC5C22700367F51 /* Resources */ = {
			isa = PBXResourcesBuildPhase;
			buildActionMask = 2147483647;
			files = (
			);
			runOnlyForDeploymentPostprocessing = 0;
		};
		5EC05D071FC5C22700367F51 /* Resources */ = {
			isa = PBXResourcesBuildPhase;
			buildActionMask = 2147483647;
			files = (
			);
			runOnlyForDeploymentPostprocessing = 0;
		};
/* End PBXResourcesBuildPhase section */

/* Begin PBXSourcesBuildPhase section */
		5EC05CE61FC5C22700367F51 /* Sources */ = {
			isa = PBXSourcesBuildPhase;
			buildActionMask = 2147483647;
			files = (
				5EC05D1C1FC5C2A800367F51 /* SecondViewController.swift in Sources */,
				5EC05CF01FC5C22700367F51 /* ViewController.swift in Sources */,
				5EC05CEE1FC5C22700367F51 /* AppDelegate.swift in Sources */,
			);
			runOnlyForDeploymentPostprocessing = 0;
		};
		5EC05CFA1FC5C22700367F51 /* Sources */ = {
			isa = PBXSourcesBuildPhase;
			buildActionMask = 2147483647;
			files = (
				5EC05D031FC5C22700367F51 /* SecondKadaiAppTests.swift in Sources */,
			);
			runOnlyForDeploymentPostprocessing = 0;
		};
		5EC05D051FC5C22700367F51 /* Sources */ = {
			isa = PBXSourcesBuildPhase;
			buildActionMask = 2147483647;
			files = (
				5EC05D0E1FC5C22700367F51 /* SecondKadaiAppUITests.swift in Sources */,
			);
			runOnlyForDeploymentPostprocessing = 0;
		};
/* End PBXSourcesBuildPhase section */

/* Begin PBXTargetDependency section */
		5EC05D001FC5C22700367F51 /* PBXTargetDependency */ = {
			isa = PBXTargetDependency;
			target = 5EC05CE91FC5C22700367F51 /* SecondKadaiApp */;
			targetProxy = 5EC05CFF1FC5C22700367F51 /* PBXContainerItemProxy */;
		};
		5EC05D0B1FC5C22700367F51 /* PBXTargetDependency */ = {
			isa = PBXTargetDependency;
			target = 5EC05CE91FC5C22700367F51 /* SecondKadaiApp */;
			targetProxy = 5EC05D0A1FC5C22700367F51 /* PBXContainerItemProxy */;
		};
/* End PBXTargetDependency section */

/* Begin PBXVariantGroup section */
		5EC05CF11FC5C22700367F51 /* Main.storyboard */ = {
			isa = PBXVariantGroup;
			children = (
				5EC05CF21FC5C22700367F51 /* Base */,
			);
			name = Main.storyboard;
			sourceTree = "<group>";
		};
		5EC05CF61FC5C22700367F51 /* LaunchScreen.storyboard */ = {
			isa = PBXVariantGroup;
			children = (
				5EC05CF71FC5C22700367F51 /* Base */,
			);
			name = LaunchScreen.storyboard;
			sourceTree = "<group>";
		};
/* End PBXVariantGroup section */

/* Begin XCBuildConfiguration section */
		5EC05D101FC5C22700367F51 /* Debug */ = {
			isa = XCBuildConfiguration;
			buildSettings = {
				ALWAYS_SEARCH_USER_PATHS = NO;
				CLANG_ANALYZER_NONNULL = YES;
				CLANG_ANALYZER_NUMBER_OBJECT_CONVERSION = YES_AGGRESSIVE;
				CLANG_CXX_LANGUAGE_STANDARD = "gnu++0x";
				CLANG_CXX_LIBRARY = "libc++";
				CLANG_ENABLE_MODULES = YES;
				CLANG_ENABLE_OBJC_ARC = YES;
				CLANG_WARN_BOOL_CONVERSION = YES;
				CLANG_WARN_CONSTANT_CONVERSION = YES;
				CLANG_WARN_DIRECT_OBJC_ISA_USAGE = YES_ERROR;
				CLANG_WARN_DOCUMENTATION_COMMENTS = YES;
				CLANG_WARN_EMPTY_BODY = YES;
				CLANG_WARN_ENUM_CONVERSION = YES;
				CLANG_WARN_INFINITE_RECURSION = YES;
				CLANG_WARN_INT_CONVERSION = YES;
				CLANG_WARN_OBJC_ROOT_CLASS = YES_ERROR;
				CLANG_WARN_SUSPICIOUS_MOVE = YES;
				CLANG_WARN_UNREACHABLE_CODE = YES;
				CLANG_WARN__DUPLICATE_METHOD_MATCH = YES;
				"CODE_SIGN_IDENTITY[sdk=iphoneos*]" = "iPhone Developer";
				COPY_PHASE_STRIP = NO;
				DEBUG_INFORMATION_FORMAT = dwarf;
				ENABLE_STRICT_OBJC_MSGSEND = YES;
				ENABLE_TESTABILITY = YES;
				GCC_C_LANGUAGE_STANDARD = gnu99;
				GCC_DYNAMIC_NO_PIC = NO;
				GCC_NO_COMMON_BLOCKS = YES;
				GCC_OPTIMIZATION_LEVEL = 0;
				GCC_PREPROCESSOR_DEFINITIONS = (
					"DEBUG=1",
					"$(inherited)",
				);
				GCC_WARN_64_TO_32_BIT_CONVERSION = YES;
				GCC_WARN_ABOUT_RETURN_TYPE = YES_ERROR;
				GCC_WARN_UNDECLARED_SELECTOR = YES;
				GCC_WARN_UNINITIALIZED_AUTOS = YES_AGGRESSIVE;
				GCC_WARN_UNUSED_FUNCTION = YES;
				GCC_WARN_UNUSED_VARIABLE = YES;
				IPHONEOS_DEPLOYMENT_TARGET = 10.3;
				MTL_ENABLE_DEBUG_INFO = YES;
				ONLY_ACTIVE_ARCH = YES;
				SDKROOT = iphoneos;
				SWIFT_ACTIVE_COMPILATION_CONDITIONS = DEBUG;
				SWIFT_OPTIMIZATION_LEVEL = "-Onone";
			};
			name = Debug;
		};
		5EC05D111FC5C22700367F51 /* Release */ = {
			isa = XCBuildConfiguration;
			buildSettings = {
				ALWAYS_SEARCH_USER_PATHS = NO;
				CLANG_ANALYZER_NONNULL = YES;
				CLANG_ANALYZER_NUMBER_OBJECT_CONVERSION = YES_AGGRESSIVE;
				CLANG_CXX_LANGUAGE_STANDARD = "gnu++0x";
				CLANG_CXX_LIBRARY = "libc++";
				CLANG_ENABLE_MODULES = YES;
				CLANG_ENABLE_OBJC_ARC = YES;
				CLANG_WARN_BOOL_CONVERSION = YES;
				CLANG_WARN_CONSTANT_CONVERSION = YES;
				CLANG_WARN_DIRECT_OBJC_ISA_USAGE = YES_ERROR;
				CLANG_WARN_DOCUMENTATION_COMMENTS = YES;
				CLANG_WARN_EMPTY_BODY = YES;
				CLANG_WARN_ENUM_CONVERSION = YES;
				CLANG_WARN_INFINITE_RECURSION = YES;
				CLANG_WARN_INT_CONVERSION = YES;
				CLANG_WARN_OBJC_ROOT_CLASS = YES_ERROR;
				CLANG_WARN_SUSPICIOUS_MOVE = YES;
				CLANG_WARN_UNREACHABLE_CODE = YES;
				CLANG_WARN__DUPLICATE_METHOD_MATCH = YES;
				"CODE_SIGN_IDENTITY[sdk=iphoneos*]" = "iPhone Developer";
				COPY_PHASE_STRIP = NO;
				DEBUG_INFORMATION_FORMAT = "dwarf-with-dsym";
				ENABLE_NS_ASSERTIONS = NO;
				ENABLE_STRICT_OBJC_MSGSEND = YES;
				GCC_C_LANGUAGE_STANDARD = gnu99;
				GCC_NO_COMMON_BLOCKS = YES;
				GCC_WARN_64_TO_32_BIT_CONVERSION = YES;
				GCC_WARN_ABOUT_RETURN_TYPE = YES_ERROR;
				GCC_WARN_UNDECLARED_SELECTOR = YES;
				GCC_WARN_UNINITIALIZED_AUTOS = YES_AGGRESSIVE;
				GCC_WARN_UNUSED_FUNCTION = YES;
				GCC_WARN_UNUSED_VARIABLE = YES;
				IPHONEOS_DEPLOYMENT_TARGET = 10.3;
				MTL_ENABLE_DEBUG_INFO = NO;
				SDKROOT = iphoneos;
				SWIFT_OPTIMIZATION_LEVEL = "-Owholemodule";
				VALIDATE_PRODUCT = YES;
			};
			name = Release;
		};
		5EC05D131FC5C22700367F51 /* Debug */ = {
			isa = XCBuildConfiguration;
			buildSettings = {
				ASSETCATALOG_COMPILER_APPICON_NAME = AppIcon;
				INFOPLIST_FILE = SecondKadaiApp/Info.plist;
				LD_RUNPATH_SEARCH_PATHS = "$(inherited) @executable_path/Frameworks";
				PRODUCT_BUNDLE_IDENTIFIER = jp.techacademy.takumi.maeda.SecondKadaiApp;
				PRODUCT_NAME = "$(TARGET_NAME)";
				SWIFT_VERSION = 3.0;
			};
			name = Debug;
		};
		5EC05D141FC5C22700367F51 /* Release */ = {
			isa = XCBuildConfiguration;
			buildSettings = {
				ASSETCATALOG_COMPILER_APPICON_NAME = AppIcon;
				INFOPLIST_FILE = SecondKadaiApp/Info.plist;
				LD_RUNPATH_SEARCH_PATHS = "$(inherited) @executable_path/Frameworks";
				PRODUCT_BUNDLE_IDENTIFIER = jp.techacademy.takumi.maeda.SecondKadaiApp;
				PRODUCT_NAME = "$(TARGET_NAME)";
				SWIFT_VERSION = 3.0;
			};
			name = Release;
		};
		5EC05D161FC5C22700367F51 /* Debug */ = {
			isa = XCBuildConfiguration;
			buildSettings = {
				ALWAYS_EMBED_SWIFT_STANDARD_LIBRARIES = YES;
				BUNDLE_LOADER = "$(TEST_HOST)";
				INFOPLIST_FILE = SecondKadaiAppTests/Info.plist;
				LD_RUNPATH_SEARCH_PATHS = "$(inherited) @executable_path/Frameworks @loader_path/Frameworks";
				PRODUCT_BUNDLE_IDENTIFIER = jp.techacademy.takumi.maeda.SecondKadaiAppTests;
				PRODUCT_NAME = "$(TARGET_NAME)";
				SWIFT_VERSION = 3.0;
				TEST_HOST = "$(BUILT_PRODUCTS_DIR)/SecondKadaiApp.app/SecondKadaiApp";
			};
			name = Debug;
		};
		5EC05D171FC5C22700367F51 /* Release */ = {
			isa = XCBuildConfiguration;
			buildSettings = {
				ALWAYS_EMBED_SWIFT_STANDARD_LIBRARIES = YES;
				BUNDLE_LOADER = "$(TEST_HOST)";
				INFOPLIST_FILE = SecondKadaiAppTests/Info.plist;
				LD_RUNPATH_SEARCH_PATHS = "$(inherited) @executable_path/Frameworks @loader_path/Frameworks";
				PRODUCT_BUNDLE_IDENTIFIER = jp.techacademy.takumi.maeda.SecondKadaiAppTests;
				PRODUCT_NAME = "$(TARGET_NAME)";
				SWIFT_VERSION = 3.0;
				TEST_HOST = "$(BUILT_PRODUCTS_DIR)/SecondKadaiApp.app/SecondKadaiApp";
			};
			name = Release;
		};
		5EC05D191FC5C22700367F51 /* Debug */ = {
			isa = XCBuildConfiguration;
			buildSettings = {
				ALWAYS_EMBED_SWIFT_STANDARD_LIBRARIES = YES;
				INFOPLIST_FILE = SecondKadaiAppUITests/Info.plist;
				LD_RUNPATH_SEARCH_PATHS = "$(inherited) @executable_path/Frameworks @loader_path/Frameworks";
				PRODUCT_BUNDLE_IDENTIFIER = jp.techacademy.takumi.maeda.SecondKadaiAppUITests;
				PRODUCT_NAME = "$(TARGET_NAME)";
				SWIFT_VERSION = 3.0;
				TEST_TARGET_NAME = SecondKadaiApp;
			};
			name = Debug;
		};
		5EC05D1A1FC5C22700367F51 /* Release */ = {
			isa = XCBuildConfiguration;
			buildSettings = {
				ALWAYS_EMBED_SWIFT_STANDARD_LIBRARIES = YES;
				INFOPLIST_FILE = SecondKadaiAppUITests/Info.plist;
				LD_RUNPATH_SEARCH_PATHS = "$(inherited) @executable_path/Frameworks @loader_path/Frameworks";
				PRODUCT_BUNDLE_IDENTIFIER = jp.techacademy.takumi.maeda.SecondKadaiAppUITests;
				PRODUCT_NAME = "$(TARGET_NAME)";
				SWIFT_VERSION = 3.0;
				TEST_TARGET_NAME = SecondKadaiApp;
			};
			name = Release;
		};
/* End XCBuildConfiguration section */

/* Begin XCConfigurationList section */
		5EC05CE51FC5C22700367F51 /* Build configuration list for PBXProject "SecondKadaiApp" */ = {
			isa = XCConfigurationList;
			buildConfigurations = (
				5EC05D101FC5C22700367F51 /* Debug */,
				5EC05D111FC5C22700367F51 /* Release */,
			);
			defaultConfigurationIsVisible = 0;
			defaultConfigurationName = Release;
		};
		5EC05D121FC5C22700367F51 /* Build configuration list for PBXNativeTarget "SecondKadaiApp" */ = {
			isa = XCConfigurationList;
			buildConfigurations = (
				5EC05D131FC5C22700367F51 /* Debug */,
				5EC05D141FC5C22700367F51 /* Release */,
			);
			defaultConfigurationIsVisible = 0;
		};
		5EC05D151FC5C22700367F51 /* Build configuration list for PBXNativeTarget "SecondKadaiAppTests" */ = {
			isa = XCConfigurationList;
			buildConfigurations = (
				5EC05D161FC5C22700367F51 /* Debug */,
				5EC05D171FC5C22700367F51 /* Release */,
			);
			defaultConfigurationIsVisible = 0;
		};
		5EC05D181FC5C22700367F51 /* Build configuration list for PBXNativeTarget "SecondKadaiAppUITests" */ = {
			isa = XCConfigurationList;
			buildConfigurations = (
				5EC05D191FC5C22700367F51 /* Debug */,
				5EC05D1A1FC5C22700367F51 /* Release */,
			);
			defaultConfigurationIsVisible = 0;
		};
/* End XCConfigurationList section */
	};
	rootObject = 5EC05CE21FC5C22700367F51 /* Project object */;
}
